
Microsoft Visual Studio Solution File, Format Version 12.00
# Visual Studio Version 16
VisualStudioVersion = 16.0.29613.14
MinimumVisualStudioVersion = 10.0.40219.1
Project("{FAE04EC0-301F-11D3-BF4B-00C04F79EFBC}") = "Crud_Com_Banco", "Crud_Com_Banco\Crud_Com_Banco.csproj", "{BA18DDF3-875D-4629-A785-EBDFF5223340}"
EndProject
Global
	GlobalSection(SolutionConfigurationPlatforms) = preSolution
		Debug|Any CPU = Debug|Any CPU
		Release|Any CPU = Release|Any CPU
	EndGlobalSection
	GlobalSection(ProjectConfigurationPlatforms) = postSolution
		{BA18DDF3-875D-4629-A785-EBDFF5223340}.Debug|Any CPU.ActiveCfg = Debug|Any CPU
		{BA18DDF3-875D-4629-A785-EBDFF5223340}.Debug|Any CPU.Build.0 = Debug|Any CPU
		{BA18DDF3-875D-4629-A785-EBDFF5223340}.Release|Any CPU.ActiveCfg = Release|Any CPU
		{BA18DDF3-875D-4629-A785-EBDFF5223340}.Release|Any CPU.Build.0 = Release|Any CPU
	EndGlobalSection
	GlobalSection(SolutionProperties) = preSolution
		HideSolutionNode = FALSE
	EndGlobalSection
	GlobalSection(ExtensibilityGlobals) = postSolution
		SolutionGuid = {F390BC4F-A72B-4BAA-A31C-800B71FACC3A}
	EndGlobalSection
EndGlobal
